<?xml version="1.0" encoding="utf-8"?>
<Project ToolsVersion="4.0" xmlns="http://schemas.microsoft.com/developer/msbuild/2003">
  <ItemGroup>
    <ClCompile Include="src\AttributeController.cpp">
      <Filter>AttributeController</Filter>
    </ClCompile>
    <ClCompile Include="src\BimController.cpp">
      <Filter>BimController</Filter>
    </ClCompile>
    <ClCompile Include="src\ElementController.cpp">
      <Filter>ElementController</Filter>
    </ClCompile>
    <ClCompile Include="src\UtilityController.cpp">
      <Filter>UtilityController</Filter>
    </ClCompile>
    <ClCompile Include="src\VisualizationController.cpp">
      <Filter>VisualizationController</Filter>
    </ClCompile>
    <ClCompile Include="src\CameraData.cpp">
      <Filter>Utils</Filter>
    </ClCompile>
    <ClCompile Include="src\EBimIfcType.cpp">
      <Filter>Utils</Filter>
    </ClCompile>
    <ClCompile Include="src\IfcTypeMapper.cpp">
      <Filter>Utils</Filter>
    </ClCompile>
    <ClCompile Include="src\CwApi3DFactory.cpp">
      <Filter>ControllerFactory</Filter>
    </ClCompile>
    <ClCompile Include="src\dllmain.cpp" />
  </ItemGroup>
  <ItemGroup>
    <ClInclude Include="src\AttributeController.h">
      <Filter>AttributeController</Filter>
    </ClInclude>
    <ClInclude Include="src\IAttributeController.h">
      <Filter>AttributeController</Filter>
    </ClInclude>
    <ClInclude Include="src\BimController.h">
      <Filter>BimController</Filter>
    </ClInclude>
    <ClInclude Include="src\IBimController.h">
      <Filter>BimController</Filter>
    </ClInclude>
    <ClInclude Include="src\ElementController.h">
      <Filter>ElementController</Filter>
    </ClInclude>
    <ClInclude Include="src\IElementController.h">
      <Filter>ElementController</Filter>
    </ClInclude>
    <ClInclude Include="src\IUtilityController.h">
      <Filter>UtilityController</Filter>
    </ClInclude>
    <ClInclude Include="src\UtilityController.h">
      <Filter>UtilityController</Filter>
    </ClInclude>
    <ClInclude Include="src\IVisualizationController.h">
      <Filter>VisualizationController</Filter>
    </ClInclude>
    <ClInclude Include="src\VisualizationController.h">
      <Filter>VisualizationController</Filter>
    </ClInclude>
    <ClInclude Include="src\ApiUtils.h">
      <Filter>Utils</Filter>
    </ClInclude>
    <ClInclude Include="src\CameraData.h">
      <Filter>Utils</Filter>
    </ClInclude>
    <ClInclude Include="src\EBimIfcType.h">
      <Filter>Utils</Filter>
    </ClInclude>
    <ClInclude Include="src\ICameraData.h">
      <Filter>Utils</Filter>
    </ClInclude>
    <ClInclude Include="src\IfcTypeMapper.h">
      <Filter>Utils</Filter>
    </ClInclude>
    <ClInclude Include="src\vector3D.h">
      <Filter>Utils</Filter>
    </ClInclude>
    <ClInclude Include="src\CwApi3DFactory.h">
      <Filter>ControllerFactory</Filter>
    </ClInclude>
    <ClInclude Include="src\ICwApi3DFactory.h">
      <Filter>ControllerFactory</Filter>
    </ClInclude>
    <ClInclude Include="src\typedefs.h">
      <Filter>Utils</Filter>
    </ClInclude>
  </ItemGroup>
  <ItemGroup>
    <Filter Include="AttributeController">
      <UniqueIdentifier>{1a11ee32-3368-4ebe-bf2f-369e28fd6cf0}</UniqueIdentifier>
    </Filter>
    <Filter Include="BimController">
      <UniqueIdentifier>{ba9b88e7-9cc1-4955-a65d-52b7b2a4c5cc}</UniqueIdentifier>
    </Filter>
    <Filter Include="ElementController">
      <UniqueIdentifier>{d6fca0b5-9ffc-48ff-a6dd-803b65c2ef6e}</UniqueIdentifier>
    </Filter>
    <Filter Include="Utils">
      <UniqueIdentifier>{89aee3bc-ab1d-40fd-b0be-006bb030df1b}</UniqueIdentifier>
    </Filter>
    <Filter Include="UtilityController">
      <UniqueIdentifier>{559ad787-a10f-4875-a68f-38dbdaf6a042}</UniqueIdentifier>
    </Filter>
    <Filter Include="VisualizationController">
      <UniqueIdentifier>{122bf5a9-74d8-4099-b678-6db2592dcfbd}</UniqueIdentifier>
    </Filter>
    <Filter Include="GeometryController">
      <UniqueIdentifier>{75b76dc4-e828-48ea-827f-76e8ca9e56eb}</UniqueIdentifier>
    </Filter>
    <Filter Include="ControllerFactory">
      <UniqueIdentifier>{ae3c0b80-fb42-4196-9642-ad1d31c49237}</UniqueIdentifier>
    </Filter>
  </ItemGroup>
</Project>