<?xml version="1.0" encoding="utf-8"?>
<Project ToolsVersion="4.0" xmlns="http://schemas.microsoft.com/developer/msbuild/2003">
  <ItemGroup>
    <ClCompile Include="src\BimController.cpp" />
    <ClCompile Include="src\CameraData.cpp" />
    <ClCompile Include="src\CwApi3DFactory.cpp" />
    <ClCompile Include="src\dllmain.cpp" />
    <ClCompile Include="src\EBimIfcType.cpp" />
    <ClCompile Include="src\ElementController.cpp" />
    <ClCompile Include="src\IfcTypeMapper.cpp" />
    <ClCompile Include="src\UtilityController.cpp" />
    <ClCompile Include="src\VisualizationController.cpp" />
    <ClCompile Include="src\AttributeController.cpp" />
  </ItemGroup>
  <ItemGroup>
    <ClInclude Include="src\ApiUtils.h" />
    <ClInclude Include="src\BimController.h" />
    <ClInclude Include="src\CameraData.h" />
    <ClInclude Include="src\CwApi3DFactory.h" />
    <ClInclude Include="src\EBimIfcType.h" />
    <ClInclude Include="src\ElementController.h" />
    <ClInclude Include="src\IfcTypeMapper.h" />
    <ClInclude Include="src\typedefs.h" />
    <ClInclude Include="src\UtilityController.h" />
    <ClInclude Include="src\vector3D.h" />
    <ClInclude Include="src\VisualizationController.h" />
    <ClInclude Include="src\AttributeController.h" />
  </ItemGroup>
</Project>